
Microsoft Visual Studio Solution File, Format Version 12.00
Project("{2150E333-8FDC-42A3-9474-1A3956D46DE8}") = "Identity", "Identity", "{F6614B63-37DF-49C6-8F46-90FF88270820}"
EndProject
Project("{FAE04EC0-301F-11D3-BF4B-00C04F79EFBC}") = "Identity.Domain", "Identity\Identity.Domain\Identity.Domain.csproj", "{414B74A3-E2B6-4BFB-812F-B8D52BFF7644}"
EndProject
Project("{FAE04EC0-301F-11D3-BF4B-00C04F79EFBC}") = "Identity.Infrastructure", "Identity\Identity.Infrastructure\Identity.Infrastructure.csproj", "{CFA7F058-AADA-497B-9ED3-352DF534AA92}"
EndProject
Project("{FAE04EC0-301F-11D3-BF4B-00C04F79EFBC}") = "Identity.Api", "Identity\Identity.Api\Identity.Api.csproj", "{33CC1FA5-2E2F-4181-9C9C-52F5336304E8}"
EndProject
Project("{2150E333-8FDC-42A3-9474-1A3956D46DE8}") = "Managing", "Managing", "{5AE9915C-5D46-44FB-AB51-CB27C349C380}"
EndProject
Project("{FAE04EC0-301F-11D3-BF4B-00C04F79EFBC}") = "Managing.Domain", "Managing\Managing.Domain\Managing.Domain.csproj", "{30E8D70D-4556-4C6F-B233-8D067F1A45EF}"
EndProject
Project("{FAE04EC0-301F-11D3-BF4B-00C04F79EFBC}") = "Managing.Infrastructure", "Managing\Managing.Infrastructure\Managing.Infrastructure.csproj", "{23301494-2CC4-4E5D-9A75-A6322BED9A68}"
EndProject
Project("{FAE04EC0-301F-11D3-BF4B-00C04F79EFBC}") = "Managing.Api", "Managing\Managing.Api\Managing.Api.csproj", "{7E661680-3DD4-4BE5-9552-F2C51B825A2D}"
EndProject
Project("{2150E333-8FDC-42A3-9474-1A3956D46DE8}") = "Booking", "Booking", "{241795CB-9AB4-4999-A4D7-11D898911A1D}"
EndProject
Project("{FAE04EC0-301F-11D3-BF4B-00C04F79EFBC}") = "Booking.Domain", "Booking\Booking.Domain\Booking.Domain.csproj", "{8C865329-88F3-4FEC-A62D-A8DDA6BD8D55}"
EndProject
Global
	GlobalSection(SolutionConfigurationPlatforms) = preSolution
		Debug|Any CPU = Debug|Any CPU
		Release|Any CPU = Release|Any CPU
	EndGlobalSection
	GlobalSection(NestedProjects) = preSolution
		{414B74A3-E2B6-4BFB-812F-B8D52BFF7644} = {F6614B63-37DF-49C6-8F46-90FF88270820}
		{CFA7F058-AADA-497B-9ED3-352DF534AA92} = {F6614B63-37DF-49C6-8F46-90FF88270820}
		{33CC1FA5-2E2F-4181-9C9C-52F5336304E8} = {F6614B63-37DF-49C6-8F46-90FF88270820}
		{30E8D70D-4556-4C6F-B233-8D067F1A45EF} = {5AE9915C-5D46-44FB-AB51-CB27C349C380}
		{23301494-2CC4-4E5D-9A75-A6322BED9A68} = {5AE9915C-5D46-44FB-AB51-CB27C349C380}
		{7E661680-3DD4-4BE5-9552-F2C51B825A2D} = {5AE9915C-5D46-44FB-AB51-CB27C349C380}
		{8C865329-88F3-4FEC-A62D-A8DDA6BD8D55} = {241795CB-9AB4-4999-A4D7-11D898911A1D}
	EndGlobalSection
	GlobalSection(ProjectConfigurationPlatforms) = postSolution
		{414B74A3-E2B6-4BFB-812F-B8D52BFF7644}.Debug|Any CPU.ActiveCfg = Debug|Any CPU
		{414B74A3-E2B6-4BFB-812F-B8D52BFF7644}.Debug|Any CPU.Build.0 = Debug|Any CPU
		{414B74A3-E2B6-4BFB-812F-B8D52BFF7644}.Release|Any CPU.ActiveCfg = Release|Any CPU
		{414B74A3-E2B6-4BFB-812F-B8D52BFF7644}.Release|Any CPU.Build.0 = Release|Any CPU
		{CFA7F058-AADA-497B-9ED3-352DF534AA92}.Debug|Any CPU.ActiveCfg = Debug|Any CPU
		{CFA7F058-AADA-497B-9ED3-352DF534AA92}.Debug|Any CPU.Build.0 = Debug|Any CPU
		{CFA7F058-AADA-497B-9ED3-352DF534AA92}.Release|Any CPU.ActiveCfg = Release|Any CPU
		{CFA7F058-AADA-497B-9ED3-352DF534AA92}.Release|Any CPU.Build.0 = Release|Any CPU
		{33CC1FA5-2E2F-4181-9C9C-52F5336304E8}.Debug|Any CPU.ActiveCfg = Debug|Any CPU
		{33CC1FA5-2E2F-4181-9C9C-52F5336304E8}.Debug|Any CPU.Build.0 = Debug|Any CPU
		{33CC1FA5-2E2F-4181-9C9C-52F5336304E8}.Release|Any CPU.ActiveCfg = Release|Any CPU
		{33CC1FA5-2E2F-4181-9C9C-52F5336304E8}.Release|Any CPU.Build.0 = Release|Any CPU
		{30E8D70D-4556-4C6F-B233-8D067F1A45EF}.Debug|Any CPU.ActiveCfg = Debug|Any CPU
		{30E8D70D-4556-4C6F-B233-8D067F1A45EF}.Debug|Any CPU.Build.0 = Debug|Any CPU
		{30E8D70D-4556-4C6F-B233-8D067F1A45EF}.Release|Any CPU.ActiveCfg = Release|Any CPU
		{30E8D70D-4556-4C6F-B233-8D067F1A45EF}.Release|Any CPU.Build.0 = Release|Any CPU
		{23301494-2CC4-4E5D-9A75-A6322BED9A68}.Debug|Any CPU.ActiveCfg = Debug|Any CPU
		{23301494-2CC4-4E5D-9A75-A6322BED9A68}.Debug|Any CPU.Build.0 = Debug|Any CPU
		{23301494-2CC4-4E5D-9A75-A6322BED9A68}.Release|Any CPU.ActiveCfg = Release|Any CPU
		{23301494-2CC4-4E5D-9A75-A6322BED9A68}.Release|Any CPU.Build.0 = Release|Any CPU
		{7E661680-3DD4-4BE5-9552-F2C51B825A2D}.Debug|Any CPU.ActiveCfg = Debug|Any CPU
		{7E661680-3DD4-4BE5-9552-F2C51B825A2D}.Debug|Any CPU.Build.0 = Debug|Any CPU
		{7E661680-3DD4-4BE5-9552-F2C51B825A2D}.Release|Any CPU.ActiveCfg = Release|Any CPU
		{7E661680-3DD4-4BE5-9552-F2C51B825A2D}.Release|Any CPU.Build.0 = Release|Any CPU
		{8C865329-88F3-4FEC-A62D-A8DDA6BD8D55}.Debug|Any CPU.ActiveCfg = Debug|Any CPU
		{8C865329-88F3-4FEC-A62D-A8DDA6BD8D55}.Debug|Any CPU.Build.0 = Debug|Any CPU
		{8C865329-88F3-4FEC-A62D-A8DDA6BD8D55}.Release|Any CPU.ActiveCfg = Release|Any CPU
		{8C865329-88F3-4FEC-A62D-A8DDA6BD8D55}.Release|Any CPU.Build.0 = Release|Any CPU
	EndGlobalSection
EndGlobal
