
Microsoft Visual Studio Solution File, Format Version 12.00
Project("{2150E333-8FDC-42A3-9474-1A3956D46DE8}") = "Identity", "Identity", "{F6614B63-37DF-49C6-8F46-90FF88270820}"
EndProject
Project("{FAE04EC0-301F-11D3-BF4B-00C04F79EFBC}") = "Identity.Domain", "Identity\Identity.Domain\Identity.Domain.csproj", "{414B74A3-E2B6-4BFB-812F-B8D52BFF7644}"
EndProject
Global
	GlobalSection(SolutionConfigurationPlatforms) = preSolution
		Debug|Any CPU = Debug|Any CPU
		Release|Any CPU = Release|Any CPU
	EndGlobalSection
	GlobalSection(NestedProjects) = preSolution
		{414B74A3-E2B6-4BFB-812F-B8D52BFF7644} = {F6614B63-37DF-49C6-8F46-90FF88270820}
	EndGlobalSection
	GlobalSection(ProjectConfigurationPlatforms) = postSolution
		{414B74A3-E2B6-4BFB-812F-B8D52BFF7644}.Debug|Any CPU.ActiveCfg = Debug|Any CPU
		{414B74A3-E2B6-4BFB-812F-B8D52BFF7644}.Debug|Any CPU.Build.0 = Debug|Any CPU
		{414B74A3-E2B6-4BFB-812F-B8D52BFF7644}.Release|Any CPU.ActiveCfg = Release|Any CPU
		{414B74A3-E2B6-4BFB-812F-B8D52BFF7644}.Release|Any CPU.Build.0 = Release|Any CPU
	EndGlobalSection
EndGlobal
